
Microsoft Visual Studio Solution File, Format Version 12.00
# Visual Studio Version 16
VisualStudioVersion = 16.0.30114.105
MinimumVisualStudioVersion = 10.0.40219.1
Project("{FAE04EC0-301F-11D3-BF4B-00C04F79EFBC}") = "Events.API", "Events.API\Events.API.csproj", "{F80DB533-14D6-49E1-A399-A6909BCBB7F8}"
EndProject
Project("{FAE04EC0-301F-11D3-BF4B-00C04F79EFBC}") = "Cdk", "Cdk\Cdk.csproj", "{E474EABD-7F40-4586-83C1-33F706DB4038}"
EndProject
Project("{2150E333-8FDC-42A3-9474-1A3956D46DE8}") = "EventsWorker.Lambda", "EventsWorker.Lambda", "{A26FD6C7-2EA6-4454-ABC9-67930B6722DF}"
EndProject
Project("{2150E333-8FDC-42A3-9474-1A3956D46DE8}") = "src", "src", "{7A403CC1-5C8D-4ACF-A07B-35E1F4F3ED0C}"
EndProject
Project("{FAE04EC0-301F-11D3-BF4B-00C04F79EFBC}") = "EventsWorker.Lambda", "EventsWorker.Lambda\src\EventsWorker.Lambda\EventsWorker.Lambda.csproj", "{9CF7EA85-EC85-4CC8-B201-E02C2B193F2A}"
EndProject
Project("{2150E333-8FDC-42A3-9474-1A3956D46DE8}") = "test", "test", "{2F510D71-69FD-4929-A653-49EC98F4A774}"
EndProject
Project("{FAE04EC0-301F-11D3-BF4B-00C04F79EFBC}") = "EventsWorker.Lambda.Tests", "EventsWorker.Lambda\test\EventsWorker.Lambda.Tests\EventsWorker.Lambda.Tests.csproj", "{871BEF9B-14AA-483A-A875-A49BF627E328}"
EndProject
Project("{2150E333-8FDC-42A3-9474-1A3956D46DE8}") = "InitDBLambda", "InitDBLambda", "{6894BDB6-AACF-4E33-AF45-CED6642303D4}"
EndProject
Project("{2150E333-8FDC-42A3-9474-1A3956D46DE8}") = "src", "src", "{64B56F36-9946-436F-82D1-55FE9C8738B9}"
EndProject
Project("{FAE04EC0-301F-11D3-BF4B-00C04F79EFBC}") = "InitDBLambda", "InitDBLambda\src\InitDBLambda\InitDBLambda.csproj", "{660A674E-18D2-4DD1-801A-A713CCD94EDC}"
EndProject
Project("{2150E333-8FDC-42A3-9474-1A3956D46DE8}") = "test", "test", "{6E306E14-1E8B-4202-B2D0-AE21F1C866BE}"
EndProject
Project("{FAE04EC0-301F-11D3-BF4B-00C04F79EFBC}") = "InitDBLambda.Tests", "InitDBLambda\test\InitDBLambda.Tests\InitDBLambda.Tests.csproj", "{D6C1D3D0-097F-444B-83CB-78C02AC4CD26}"
EndProject
Global
	GlobalSection(SolutionConfigurationPlatforms) = preSolution
		Debug|Any CPU = Debug|Any CPU
		Release|Any CPU = Release|Any CPU
	EndGlobalSection
	GlobalSection(SolutionProperties) = preSolution
		HideSolutionNode = FALSE
	EndGlobalSection
	GlobalSection(ProjectConfigurationPlatforms) = postSolution
		{F80DB533-14D6-49E1-A399-A6909BCBB7F8}.Debug|Any CPU.ActiveCfg = Debug|Any CPU
		{F80DB533-14D6-49E1-A399-A6909BCBB7F8}.Debug|Any CPU.Build.0 = Debug|Any CPU
		{F80DB533-14D6-49E1-A399-A6909BCBB7F8}.Release|Any CPU.ActiveCfg = Release|Any CPU
		{F80DB533-14D6-49E1-A399-A6909BCBB7F8}.Release|Any CPU.Build.0 = Release|Any CPU
		{E474EABD-7F40-4586-83C1-33F706DB4038}.Debug|Any CPU.ActiveCfg = Debug|Any CPU
		{E474EABD-7F40-4586-83C1-33F706DB4038}.Debug|Any CPU.Build.0 = Debug|Any CPU
		{E474EABD-7F40-4586-83C1-33F706DB4038}.Release|Any CPU.ActiveCfg = Release|Any CPU
		{E474EABD-7F40-4586-83C1-33F706DB4038}.Release|Any CPU.Build.0 = Release|Any CPU
		{9CF7EA85-EC85-4CC8-B201-E02C2B193F2A}.Debug|Any CPU.ActiveCfg = Debug|Any CPU
		{9CF7EA85-EC85-4CC8-B201-E02C2B193F2A}.Debug|Any CPU.Build.0 = Debug|Any CPU
		{9CF7EA85-EC85-4CC8-B201-E02C2B193F2A}.Release|Any CPU.ActiveCfg = Release|Any CPU
		{9CF7EA85-EC85-4CC8-B201-E02C2B193F2A}.Release|Any CPU.Build.0 = Release|Any CPU
		{871BEF9B-14AA-483A-A875-A49BF627E328}.Debug|Any CPU.ActiveCfg = Debug|Any CPU
		{871BEF9B-14AA-483A-A875-A49BF627E328}.Debug|Any CPU.Build.0 = Debug|Any CPU
		{871BEF9B-14AA-483A-A875-A49BF627E328}.Release|Any CPU.ActiveCfg = Release|Any CPU
		{871BEF9B-14AA-483A-A875-A49BF627E328}.Release|Any CPU.Build.0 = Release|Any CPU
		{660A674E-18D2-4DD1-801A-A713CCD94EDC}.Debug|Any CPU.ActiveCfg = Debug|Any CPU
		{660A674E-18D2-4DD1-801A-A713CCD94EDC}.Debug|Any CPU.Build.0 = Debug|Any CPU
		{660A674E-18D2-4DD1-801A-A713CCD94EDC}.Release|Any CPU.ActiveCfg = Release|Any CPU
		{660A674E-18D2-4DD1-801A-A713CCD94EDC}.Release|Any CPU.Build.0 = Release|Any CPU
		{D6C1D3D0-097F-444B-83CB-78C02AC4CD26}.Debug|Any CPU.ActiveCfg = Debug|Any CPU
		{D6C1D3D0-097F-444B-83CB-78C02AC4CD26}.Debug|Any CPU.Build.0 = Debug|Any CPU
		{D6C1D3D0-097F-444B-83CB-78C02AC4CD26}.Release|Any CPU.ActiveCfg = Release|Any CPU
		{D6C1D3D0-097F-444B-83CB-78C02AC4CD26}.Release|Any CPU.Build.0 = Release|Any CPU
	EndGlobalSection
	GlobalSection(NestedProjects) = preSolution
		{7A403CC1-5C8D-4ACF-A07B-35E1F4F3ED0C} = {A26FD6C7-2EA6-4454-ABC9-67930B6722DF}
		{9CF7EA85-EC85-4CC8-B201-E02C2B193F2A} = {7A403CC1-5C8D-4ACF-A07B-35E1F4F3ED0C}
		{2F510D71-69FD-4929-A653-49EC98F4A774} = {A26FD6C7-2EA6-4454-ABC9-67930B6722DF}
		{871BEF9B-14AA-483A-A875-A49BF627E328} = {2F510D71-69FD-4929-A653-49EC98F4A774}
		{64B56F36-9946-436F-82D1-55FE9C8738B9} = {6894BDB6-AACF-4E33-AF45-CED6642303D4}
		{660A674E-18D2-4DD1-801A-A713CCD94EDC} = {64B56F36-9946-436F-82D1-55FE9C8738B9}
		{6E306E14-1E8B-4202-B2D0-AE21F1C866BE} = {6894BDB6-AACF-4E33-AF45-CED6642303D4}
		{D6C1D3D0-097F-444B-83CB-78C02AC4CD26} = {6E306E14-1E8B-4202-B2D0-AE21F1C866BE}
	EndGlobalSection
EndGlobal
